
Microsoft Visual Studio Solution File, Format Version 12.00
# Visual Studio Version 16
VisualStudioVersion = 16.0.30907.101
MinimumVisualStudioVersion = 10.0.40219.1
Project("{9A19103F-16F7-4668-BE54-9A1E7A4F7556}") = "FirstAppInCSharp", "FirstAppInCSharp.csproj", "{A3D1994D-60F4-4F15-BC25-8754872ED565}"
EndProject
Project("{FAE04EC0-301F-11D3-BF4B-00C04F79EFBC}") = "Exercise_1_Legacy", "..\Exercise_1_Legacy\Exercise_1_Legacy.csproj", "{A3549B1B-A4C9-421B-B2F2-FB5D9A47B688}"
EndProject
Global
	GlobalSection(SolutionConfigurationPlatforms) = preSolution
		Debug|Any CPU = Debug|Any CPU
		Release|Any CPU = Release|Any CPU
	EndGlobalSection
	GlobalSection(ProjectConfigurationPlatforms) = postSolution
		{A3D1994D-60F4-4F15-BC25-8754872ED565}.Debug|Any CPU.ActiveCfg = Debug|Any CPU
		{A3D1994D-60F4-4F15-BC25-8754872ED565}.Debug|Any CPU.Build.0 = Debug|Any CPU
		{A3D1994D-60F4-4F15-BC25-8754872ED565}.Release|Any CPU.ActiveCfg = Release|Any CPU
		{A3D1994D-60F4-4F15-BC25-8754872ED565}.Release|Any CPU.Build.0 = Release|Any CPU
		{A3549B1B-A4C9-421B-B2F2-FB5D9A47B688}.Debug|Any CPU.ActiveCfg = Debug|Any CPU
		{A3549B1B-A4C9-421B-B2F2-FB5D9A47B688}.Debug|Any CPU.Build.0 = Debug|Any CPU
		{A3549B1B-A4C9-421B-B2F2-FB5D9A47B688}.Release|Any CPU.ActiveCfg = Release|Any CPU
		{A3549B1B-A4C9-421B-B2F2-FB5D9A47B688}.Release|Any CPU.Build.0 = Release|Any CPU
	EndGlobalSection
	GlobalSection(SolutionProperties) = preSolution
		HideSolutionNode = FALSE
	EndGlobalSection
	GlobalSection(ExtensibilityGlobals) = postSolution
		SolutionGuid = {8ADD990A-D404-4F86-BA44-D251EAE6762E}
	EndGlobalSection
EndGlobal
